// !$*UTF8*$!
{
	archiveVersion = 1;
	classes = {
	};
	objectVersion = 50;
	objects = {

/* Begin PBXBuildFile section */
		58AC8D31253D873300932D2D /* AppDelegate.swift in Sources */ = {isa = PBXBuildFile; fileRef = 58AC8D30253D873300932D2D /* AppDelegate.swift */; };
		58AC8D33253D873300932D2D /* SceneDelegate.swift in Sources */ = {isa = PBXBuildFile; fileRef = 58AC8D32253D873300932D2D /* SceneDelegate.swift */; };
		58AC8D35253D873300932D2D /* ViewController.swift in Sources */ = {isa = PBXBuildFile; fileRef = 58AC8D34253D873300932D2D /* ViewController.swift */; };
		58AC8D38253D873300932D2D /* Main.storyboard in Resources */ = {isa = PBXBuildFile; fileRef = 58AC8D36253D873300932D2D /* Main.storyboard */; };
		58AC8D3A253D873F00932D2D /* Assets.xcassets in Resources */ = {isa = PBXBuildFile; fileRef = 58AC8D39253D873F00932D2D /* Assets.xcassets */; };
		58AC8D3D253D873F00932D2D /* LaunchScreen.storyboard in Resources */ = {isa = PBXBuildFile; fileRef = 58AC8D3B253D873F00932D2D /* LaunchScreen.storyboard */; };
		58AC8D48253D874000932D2D /* DemoGitHubTests.swift in Sources */ = {isa = PBXBuildFile; fileRef = 58AC8D47253D874000932D2D /* DemoGitHubTests.swift */; };
		58AC8D53253D874000932D2D /* DemoGitHubUITests.swift in Sources */ = {isa = PBXBuildFile; fileRef = 58AC8D52253D874000932D2D /* DemoGitHubUITests.swift */; };
/* End PBXBuildFile section */

/* Begin PBXContainerItemProxy section */
		58AC8D44253D874000932D2D /* PBXContainerItemProxy */ = {
			isa = PBXContainerItemProxy;
			containerPortal = 58AC8D25253D873300932D2D /* Project object */;
			proxyType = 1;
			remoteGlobalIDString = 58AC8D2C253D873300932D2D;
			remoteInfo = DemoGitHub;
		};
		58AC8D4F253D874000932D2D /* PBXContainerItemProxy */ = {
			isa = PBXContainerItemProxy;
			containerPortal = 58AC8D25253D873300932D2D /* Project object */;
			proxyType = 1;
			remoteGlobalIDString = 58AC8D2C253D873300932D2D;
			remoteInfo = DemoGitHub;
		};
/* End PBXContainerItemProxy section */

/* Begin PBXFileReference section */
		58AC8D2D253D873300932D2D /* DemoGitHub.app */ = {isa = PBXFileReference; explicitFileType = wrapper.application; includeInIndex = 0; path = DemoGitHub.app; sourceTree = BUILT_PRODUCTS_DIR; };
		58AC8D30253D873300932D2D /* AppDelegate.swift */ = {isa = PBXFileReference; lastKnownFileType = sourcecode.swift; path = AppDelegate.swift; sourceTree = "<group>"; };
		58AC8D32253D873300932D2D /* SceneDelegate.swift */ = {isa = PBXFileReference; lastKnownFileType = sourcecode.swift; path = SceneDelegate.swift; sourceTree = "<group>"; };
		58AC8D34253D873300932D2D /* ViewController.swift */ = {isa = PBXFileReference; lastKnownFileType = sourcecode.swift; path = ViewController.swift; sourceTree = "<group>"; };
		58AC8D37253D873300932D2D /* Base */ = {isa = PBXFileReference; lastKnownFileType = file.storyboard; name = Base; path = Base.lproj/Main.storyboard; sourceTree = "<group>"; };
		58AC8D39253D873F00932D2D /* Assets.xcassets */ = {isa = PBXFileReference; lastKnownFileType = folder.assetcatalog; path = Assets.xcassets; sourceTree = "<group>"; };
		58AC8D3C253D873F00932D2D /* Base */ = {isa = PBXFileReference; lastKnownFileType = file.storyboard; name = Base; path = Base.lproj/LaunchScreen.storyboard; sourceTree = "<group>"; };
		58AC8D3E253D873F00932D2D /* Info.plist */ = {isa = PBXFileReference; lastKnownFileType = text.plist.xml; path = Info.plist; sourceTree = "<group>"; };
		58AC8D43253D874000932D2D /* DemoGitHubTests.xctest */ = {isa = PBXFileReference; explicitFileType = wrapper.cfbundle; includeInIndex = 0; path = DemoGitHubTests.xctest; sourceTree = BUILT_PRODUCTS_DIR; };
		58AC8D47253D874000932D2D /* DemoGitHubTests.swift */ = {isa = PBXFileReference; lastKnownFileType = sourcecode.swift; path = DemoGitHubTests.swift; sourceTree = "<group>"; };
		58AC8D49253D874000932D2D /* Info.plist */ = {isa = PBXFileReference; lastKnownFileType = text.plist.xml; path = Info.plist; sourceTree = "<group>"; };
		58AC8D4E253D874000932D2D /* DemoGitHubUITests.xctest */ = {isa = PBXFileReference; explicitFileType = wrapper.cfbundle; includeInIndex = 0; path = DemoGitHubUITests.xctest; sourceTree = BUILT_PRODUCTS_DIR; };
		58AC8D52253D874000932D2D /* DemoGitHubUITests.swift */ = {isa = PBXFileReference; lastKnownFileType = sourcecode.swift; path = DemoGitHubUITests.swift; sourceTree = "<group>"; };
		58AC8D54253D874000932D2D /* Info.plist */ = {isa = PBXFileReference; lastKnownFileType = text.plist.xml; path = Info.plist; sourceTree = "<group>"; };
/* End PBXFileReference section */

/* Begin PBXFrameworksBuildPhase section */
		58AC8D2A253D873300932D2D /* Frameworks */ = {
			isa = PBXFrameworksBuildPhase;
			buildActionMask = 2147483647;
			files = (
			);
			runOnlyForDeploymentPostprocessing = 0;
		};
		58AC8D40253D874000932D2D /* Frameworks */ = {
			isa = PBXFrameworksBuildPhase;
			buildActionMask = 2147483647;
			files = (
			);
			runOnlyForDeploymentPostprocessing = 0;
		};
		58AC8D4B253D874000932D2D /* Frameworks */ = {
			isa = PBXFrameworksBuildPhase;
			buildActionMask = 2147483647;
			files = (
			);
			runOnlyForDeploymentPostprocessing = 0;
		};
/* End PBXFrameworksBuildPhase section */

/* Begin PBXGroup section */
		58AC8D24253D873300932D2D = {
			isa = PBXGroup;
			children = (
				58AC8D2F253D873300932D2D /* DemoGitHub */,
				58AC8D46253D874000932D2D /* DemoGitHubTests */,
				58AC8D51253D874000932D2D /* DemoGitHubUITests */,
				58AC8D2E253D873300932D2D /* Products */,
			);
			sourceTree = "<group>";
		};
		58AC8D2E253D873300932D2D /* Products */ = {
			isa = PBXGroup;
			children = (
				58AC8D2D253D873300932D2D /* DemoGitHub.app */,
				58AC8D43253D874000932D2D /* DemoGitHubTests.xctest */,
				58AC8D4E253D874000932D2D /* DemoGitHubUITests.xctest */,
			);
			name = Products;
			sourceTree = "<group>";
		};
		58AC8D2F253D873300932D2D /* DemoGitHub */ = {
			isa = PBXGroup;
			children = (
				58AC8D30253D873300932D2D /* AppDelegate.swift */,
				58AC8D32253D873300932D2D /* SceneDelegate.swift */,
				58AC8D34253D873300932D2D /* ViewController.swift */,
				58AC8D36253D873300932D2D /* Main.storyboard */,
				58AC8D39253D873F00932D2D /* Assets.xcassets */,
				58AC8D3B253D873F00932D2D /* LaunchScreen.storyboard */,
				58AC8D3E253D873F00932D2D /* Info.plist */,
			);
			path = DemoGitHub;
			sourceTree = "<group>";
		};
		58AC8D46253D874000932D2D /* DemoGitHubTests */ = {
			isa = PBXGroup;
			children = (
				58AC8D47253D874000932D2D /* DemoGitHubTests.swift */,
				58AC8D49253D874000932D2D /* Info.plist */,
			);
			path = DemoGitHubTests;
			sourceTree = "<group>";
		};
		58AC8D51253D874000932D2D /* DemoGitHubUITests */ = {
			isa = PBXGroup;
			children = (
				58AC8D52253D874000932D2D /* DemoGitHubUITests.swift */,
				58AC8D54253D874000932D2D /* Info.plist */,
			);
			path = DemoGitHubUITests;
			sourceTree = "<group>";
		};
/* End PBXGroup section */

/* Begin PBXNativeTarget section */
		58AC8D2C253D873300932D2D /* DemoGitHub */ = {
			isa = PBXNativeTarget;
			buildConfigurationList = 58AC8D57253D874000932D2D /* Build configuration list for PBXNativeTarget "DemoGitHub" */;
			buildPhases = (
				58AC8D29253D873300932D2D /* Sources */,
				58AC8D2A253D873300932D2D /* Frameworks */,
				58AC8D2B253D873300932D2D /* Resources */,
			);
			buildRules = (
			);
			dependencies = (
			);
			name = DemoGitHub;
			productName = DemoGitHub;
			productReference = 58AC8D2D253D873300932D2D /* DemoGitHub.app */;
			productType = "com.apple.product-type.application";
		};
		58AC8D42253D874000932D2D /* DemoGitHubTests */ = {
			isa = PBXNativeTarget;
			buildConfigurationList = 58AC8D5A253D874000932D2D /* Build configuration list for PBXNativeTarget "DemoGitHubTests" */;
			buildPhases = (
				58AC8D3F253D874000932D2D /* Sources */,
				58AC8D40253D874000932D2D /* Frameworks */,
				58AC8D41253D874000932D2D /* Resources */,
			);
			buildRules = (
			);
			dependencies = (
				58AC8D45253D874000932D2D /* PBXTargetDependency */,
			);
			name = DemoGitHubTests;
			productName = DemoGitHubTests;
			productReference = 58AC8D43253D874000932D2D /* DemoGitHubTests.xctest */;
			productType = "com.apple.product-type.bundle.unit-test";
		};
		58AC8D4D253D874000932D2D /* DemoGitHubUITests */ = {
			isa = PBXNativeTarget;
			buildConfigurationList = 58AC8D5D253D874000932D2D /* Build configuration list for PBXNativeTarget "DemoGitHubUITests" */;
			buildPhases = (
				58AC8D4A253D874000932D2D /* Sources */,
				58AC8D4B253D874000932D2D /* Frameworks */,
				58AC8D4C253D874000932D2D /* Resources */,
			);
			buildRules = (
			);
			dependencies = (
				58AC8D50253D874000932D2D /* PBXTargetDependency */,
			);
			name = DemoGitHubUITests;
			productName = DemoGitHubUITests;
			productReference = 58AC8D4E253D874000932D2D /* DemoGitHubUITests.xctest */;
			productType = "com.apple.product-type.bundle.ui-testing";
		};
/* End PBXNativeTarget section */

/* Begin PBXProject section */
		58AC8D25253D873300932D2D /* Project object */ = {
			isa = PBXProject;
			attributes = {
				LastSwiftUpdateCheck = 1130;
				LastUpgradeCheck = 1130;
				ORGANIZATIONNAME = "vikramarka reddy";
				TargetAttributes = {
					58AC8D2C253D873300932D2D = {
						CreatedOnToolsVersion = 11.3;
					};
					58AC8D42253D874000932D2D = {
						CreatedOnToolsVersion = 11.3;
						TestTargetID = 58AC8D2C253D873300932D2D;
					};
					58AC8D4D253D874000932D2D = {
						CreatedOnToolsVersion = 11.3;
						TestTargetID = 58AC8D2C253D873300932D2D;
					};
				};
			};
			buildConfigurationList = 58AC8D28253D873300932D2D /* Build configuration list for PBXProject "DemoGitHub" */;
			compatibilityVersion = "Xcode 9.3";
			developmentRegion = en;
			hasScannedForEncodings = 0;
			knownRegions = (
				en,
				Base,
			);
			mainGroup = 58AC8D24253D873300932D2D;
			productRefGroup = 58AC8D2E253D873300932D2D /* Products */;
			projectDirPath = "";
			projectRoot = "";
			targets = (
				58AC8D2C253D873300932D2D /* DemoGitHub */,
				58AC8D42253D874000932D2D /* DemoGitHubTests */,
				58AC8D4D253D874000932D2D /* DemoGitHubUITests */,
			);
		};
/* End PBXProject section */

/* Begin PBXResourcesBuildPhase section */
		58AC8D2B253D873300932D2D /* Resources */ = {
			isa = PBXResourcesBuildPhase;
			buildActionMask = 2147483647;
			files = (
				58AC8D3D253D873F00932D2D /* LaunchScreen.storyboard in Resources */,
				58AC8D3A253D873F00932D2D /* Assets.xcassets in Resources */,
				58AC8D38253D873300932D2D /* Main.storyboard in Resources */,
			);
			runOnlyForDeploymentPostprocessing = 0;
		};
		58AC8D41253D874000932D2D /* Resources */ = {
			isa = PBXResourcesBuildPhase;
			buildActionMask = 2147483647;
			files = (
			);
			runOnlyForDeploymentPostprocessing = 0;
		};
		58AC8D4C253D874000932D2D /* Resources */ = {
			isa = PBXResourcesBuildPhase;
			buildActionMask = 2147483647;
			files = (
			);
			runOnlyForDeploymentPostprocessing = 0;
		};
/* End PBXResourcesBuildPhase section */

/* Begin PBXSourcesBuildPhase section */
		58AC8D29253D873300932D2D /* Sources */ = {
			isa = PBXSourcesBuildPhase;
			buildActionMask = 2147483647;
			files = (
				58AC8D35253D873300932D2D /* ViewController.swift in Sources */,
				58AC8D31253D873300932D2D /* AppDelegate.swift in Sources */,
				58AC8D33253D873300932D2D /* SceneDelegate.swift in Sources */,
			);
			runOnlyForDeploymentPostprocessing = 0;
		};
		58AC8D3F253D874000932D2D /* Sources */ = {
			isa = PBXSourcesBuildPhase;
			buildActionMask = 2147483647;
			files = (
				58AC8D48253D874000932D2D /* DemoGitHubTests.swift in Sources */,
			);
			runOnlyForDeploymentPostprocessing = 0;
		};
		58AC8D4A253D874000932D2D /* Sources */ = {
			isa = PBXSourcesBuildPhase;
			buildActionMask = 2147483647;
			files = (
				58AC8D53253D874000932D2D /* DemoGitHubUITests.swift in Sources */,
			);
			runOnlyForDeploymentPostprocessing = 0;
		};
/* End PBXSourcesBuildPhase section */

/* Begin PBXTargetDependency section */
		58AC8D45253D874000932D2D /* PBXTargetDependency */ = {
			isa = PBXTargetDependency;
			target = 58AC8D2C253D873300932D2D /* DemoGitHub */;
			targetProxy = 58AC8D44253D874000932D2D /* PBXContainerItemProxy */;
		};
		58AC8D50253D874000932D2D /* PBXTargetDependency */ = {
			isa = PBXTargetDependency;
			target = 58AC8D2C253D873300932D2D /* DemoGitHub */;
			targetProxy = 58AC8D4F253D874000932D2D /* PBXContainerItemProxy */;
		};
/* End PBXTargetDependency section */

/* Begin PBXVariantGroup section */
		58AC8D36253D873300932D2D /* Main.storyboard */ = {
			isa = PBXVariantGroup;
			children = (
				58AC8D37253D873300932D2D /* Base */,
			);
			name = Main.storyboard;
			sourceTree = "<group>";
		};
		58AC8D3B253D873F00932D2D /* LaunchScreen.storyboard */ = {
			isa = PBXVariantGroup;
			children = (
				58AC8D3C253D873F00932D2D /* Base */,
			);
			name = LaunchScreen.storyboard;
			sourceTree = "<group>";
		};
/* End PBXVariantGroup section */

/* Begin XCBuildConfiguration section */
		58AC8D55253D874000932D2D /* Debug */ = {
			isa = XCBuildConfiguration;
			buildSettings = {
				ALWAYS_SEARCH_USER_PATHS = NO;
				CLANG_ANALYZER_NONNULL = YES;
				CLANG_ANALYZER_NUMBER_OBJECT_CONVERSION = YES_AGGRESSIVE;
				CLANG_CXX_LANGUAGE_STANDARD = "gnu++14";
				CLANG_CXX_LIBRARY = "libc++";
				CLANG_ENABLE_MODULES = YES;
				CLANG_ENABLE_OBJC_ARC = YES;
				CLANG_ENABLE_OBJC_WEAK = YES;
				CLANG_WARN_BLOCK_CAPTURE_AUTORELEASING = YES;
				CLANG_WARN_BOOL_CONVERSION = YES;
				CLANG_WARN_COMMA = YES;
				CLANG_WARN_CONSTANT_CONVERSION = YES;
				CLANG_WARN_DEPRECATED_OBJC_IMPLEMENTATIONS = YES;
				CLANG_WARN_DIRECT_OBJC_ISA_USAGE = YES_ERROR;
				CLANG_WARN_DOCUMENTATION_COMMENTS = YES;
				CLANG_WARN_EMPTY_BODY = YES;
				CLANG_WARN_ENUM_CONVERSION = YES;
				CLANG_WARN_INFINITE_RECURSION = YES;
				CLANG_WARN_INT_CONVERSION = YES;
				CLANG_WARN_NON_LITERAL_NULL_CONVERSION = YES;
				CLANG_WARN_OBJC_IMPLICIT_RETAIN_SELF = YES;
				CLANG_WARN_OBJC_LITERAL_CONVERSION = YES;
				CLANG_WARN_OBJC_ROOT_CLASS = YES_ERROR;
				CLANG_WARN_RANGE_LOOP_ANALYSIS = YES;
				CLANG_WARN_STRICT_PROTOTYPES = YES;
				CLANG_WARN_SUSPICIOUS_MOVE = YES;
				CLANG_WARN_UNGUARDED_AVAILABILITY = YES_AGGRESSIVE;
				CLANG_WARN_UNREACHABLE_CODE = YES;
				CLANG_WARN__DUPLICATE_METHOD_MATCH = YES;
				COPY_PHASE_STRIP = NO;
				DEBUG_INFORMATION_FORMAT = dwarf;
				ENABLE_STRICT_OBJC_MSGSEND = YES;
				ENABLE_TESTABILITY = YES;
				GCC_C_LANGUAGE_STANDARD = gnu11;
				GCC_DYNAMIC_NO_PIC = NO;
				GCC_NO_COMMON_BLOCKS = YES;
				GCC_OPTIMIZATION_LEVEL = 0;
				GCC_PREPROCESSOR_DEFINITIONS = (
					"DEBUG=1",
					"$(inherited)",
				);
				GCC_WARN_64_TO_32_BIT_CONVERSION = YES;
				GCC_WARN_ABOUT_RETURN_TYPE = YES_ERROR;
				GCC_WARN_UNDECLARED_SELECTOR = YES;
				GCC_WARN_UNINITIALIZED_AUTOS = YES_AGGRESSIVE;
				GCC_WARN_UNUSED_FUNCTION = YES;
				GCC_WARN_UNUSED_VARIABLE = YES;
				IPHONEOS_DEPLOYMENT_TARGET = 13.2;
				MTL_ENABLE_DEBUG_INFO = INCLUDE_SOURCE;
				MTL_FAST_MATH = YES;
				ONLY_ACTIVE_ARCH = YES;
				SDKROOT = iphoneos;
				SWIFT_ACTIVE_COMPILATION_CONDITIONS = DEBUG;
				SWIFT_OPTIMIZATION_LEVEL = "-Onone";
			};
			name = Debug;
		};
		58AC8D56253D874000932D2D /* Release */ = {
			isa = XCBuildConfiguration;
			buildSettings = {
				ALWAYS_SEARCH_USER_PATHS = NO;
				CLANG_ANALYZER_NONNULL = YES;
				CLANG_ANALYZER_NUMBER_OBJECT_CONVERSION = YES_AGGRESSIVE;
				CLANG_CXX_LANGUAGE_STANDARD = "gnu++14";
				CLANG_CXX_LIBRARY = "libc++";
				CLANG_ENABLE_MODULES = YES;
				CLANG_ENABLE_OBJC_ARC = YES;
				CLANG_ENABLE_OBJC_WEAK = YES;
				CLANG_WARN_BLOCK_CAPTURE_AUTORELEASING = YES;
				CLANG_WARN_BOOL_CONVERSION = YES;
				CLANG_WARN_COMMA = YES;
				CLANG_WARN_CONSTANT_CONVERSION = YES;
				CLANG_WARN_DEPRECATED_OBJC_IMPLEMENTATIONS = YES;
				CLANG_WARN_DIRECT_OBJC_ISA_USAGE = YES_ERROR;
				CLANG_WARN_DOCUMENTATION_COMMENTS = YES;
				CLANG_WARN_EMPTY_BODY = YES;
				CLANG_WARN_ENUM_CONVERSION = YES;
				CLANG_WARN_INFINITE_RECURSION = YES;
				CLANG_WARN_INT_CONVERSION = YES;
				CLANG_WARN_NON_LITERAL_NULL_CONVERSION = YES;
				CLANG_WARN_OBJC_IMPLICIT_RETAIN_SELF = YES;
				CLANG_WARN_OBJC_LITERAL_CONVERSION = YES;
				CLANG_WARN_OBJC_ROOT_CLASS = YES_ERROR;
				CLANG_WARN_RANGE_LOOP_ANALYSIS = YES;
				CLANG_WARN_STRICT_PROTOTYPES = YES;
				CLANG_WARN_SUSPICIOUS_MOVE = YES;
				CLANG_WARN_UNGUARDED_AVAILABILITY = YES_AGGRESSIVE;
				CLANG_WARN_UNREACHABLE_CODE = YES;
				CLANG_WARN__DUPLICATE_METHOD_MATCH = YES;
				COPY_PHASE_STRIP = NO;
				DEBUG_INFORMATION_FORMAT = "dwarf-with-dsym";
				ENABLE_NS_ASSERTIONS = NO;
				ENABLE_STRICT_OBJC_MSGSEND = YES;
				GCC_C_LANGUAGE_STANDARD = gnu11;
				GCC_NO_COMMON_BLOCKS = YES;
				GCC_WARN_64_TO_32_BIT_CONVERSION = YES;
				GCC_WARN_ABOUT_RETURN_TYPE = YES_ERROR;
				GCC_WARN_UNDECLARED_SELECTOR = YES;
				GCC_WARN_UNINITIALIZED_AUTOS = YES_AGGRESSIVE;
				GCC_WARN_UNUSED_FUNCTION = YES;
				GCC_WARN_UNUSED_VARIABLE = YES;
				IPHONEOS_DEPLOYMENT_TARGET = 13.2;
				MTL_ENABLE_DEBUG_INFO = NO;
				MTL_FAST_MATH = YES;
				SDKROOT = iphoneos;
				SWIFT_COMPILATION_MODE = wholemodule;
				SWIFT_OPTIMIZATION_LEVEL = "-O";
				VALIDATE_PRODUCT = YES;
			};
			name = Release;
		};
		58AC8D58253D874000932D2D /* Debug */ = {
			isa = XCBuildConfiguration;
			buildSettings = {
				ASSETCATALOG_COMPILER_APPICON_NAME = AppIcon;
				CODE_SIGN_STYLE = Automatic;
				DEVELOPMENT_TEAM = "";
				INFOPLIST_FILE = DemoGitHub/Info.plist;
				LD_RUNPATH_SEARCH_PATHS = (
					"$(inherited)",
					"@executable_path/Frameworks",
				);
				PRODUCT_BUNDLE_IDENTIFIER = com.DemoGitHub;
				PRODUCT_NAME = "$(TARGET_NAME)";
				SWIFT_VERSION = 5.0;
				TARGETED_DEVICE_FAMILY = "1,2";
			};
			name = Debug;
		};
		58AC8D59253D874000932D2D /* Release */ = {
			isa = XCBuildConfiguration;
			buildSettings = {
				ASSETCATALOG_COMPILER_APPICON_NAME = AppIcon;
				CODE_SIGN_STYLE = Automatic;
				DEVELOPMENT_TEAM = "";
				INFOPLIST_FILE = DemoGitHub/Info.plist;
				LD_RUNPATH_SEARCH_PATHS = (
					"$(inherited)",
					"@executable_path/Frameworks",
				);
				PRODUCT_BUNDLE_IDENTIFIER = com.DemoGitHub;
				PRODUCT_NAME = "$(TARGET_NAME)";
				SWIFT_VERSION = 5.0;
				TARGETED_DEVICE_FAMILY = "1,2";
			};
			name = Release;
		};
		58AC8D5B253D874000932D2D /* Debug */ = {
			isa = XCBuildConfiguration;
			buildSettings = {
				ALWAYS_EMBED_SWIFT_STANDARD_LIBRARIES = YES;
				BUNDLE_LOADER = "$(TEST_HOST)";
				CODE_SIGN_STYLE = Automatic;
				DEVELOPMENT_TEAM = 4UA4LRQ689;
				INFOPLIST_FILE = DemoGitHubTests/Info.plist;
				IPHONEOS_DEPLOYMENT_TARGET = 13.2;
				LD_RUNPATH_SEARCH_PATHS = (
					"$(inherited)",
					"@executable_path/Frameworks",
					"@loader_path/Frameworks",
				);
				PRODUCT_BUNDLE_IDENTIFIER = com.DemoGitHubTests;
				PRODUCT_NAME = "$(TARGET_NAME)";
				SWIFT_VERSION = 5.0;
				TARGETED_DEVICE_FAMILY = "1,2";
				TEST_HOST = "$(BUILT_PRODUCTS_DIR)/DemoGitHub.app/DemoGitHub";
			};
			name = Debug;
		};
		58AC8D5C253D874000932D2D /* Release */ = {
			isa = XCBuildConfiguration;
			buildSettings = {
				ALWAYS_EMBED_SWIFT_STANDARD_LIBRARIES = YES;
				BUNDLE_LOADER = "$(TEST_HOST)";
				CODE_SIGN_STYLE = Automatic;
				DEVELOPMENT_TEAM = 4UA4LRQ689;
				INFOPLIST_FILE = DemoGitHubTests/Info.plist;
				IPHONEOS_DEPLOYMENT_TARGET = 13.2;
				LD_RUNPATH_SEARCH_PATHS = (
					"$(inherited)",
					"@executable_path/Frameworks",
					"@loader_path/Frameworks",
				);
				PRODUCT_BUNDLE_IDENTIFIER = com.DemoGitHubTests;
				PRODUCT_NAME = "$(TARGET_NAME)";
				SWIFT_VERSION = 5.0;
				TARGETED_DEVICE_FAMILY = "1,2";
				TEST_HOST = "$(BUILT_PRODUCTS_DIR)/DemoGitHub.app/DemoGitHub";
			};
			name = Release;
		};
		58AC8D5E253D874000932D2D /* Debug */ = {
			isa = XCBuildConfiguration;
			buildSettings = {
				ALWAYS_EMBED_SWIFT_STANDARD_LIBRARIES = YES;
				CODE_SIGN_STYLE = Automatic;
				DEVELOPMENT_TEAM = 4UA4LRQ689;
				INFOPLIST_FILE = DemoGitHubUITests/Info.plist;
				LD_RUNPATH_SEARCH_PATHS = (
					"$(inherited)",
					"@executable_path/Frameworks",
					"@loader_path/Frameworks",
				);
				PRODUCT_BUNDLE_IDENTIFIER = com.DemoGitHubUITests;
				PRODUCT_NAME = "$(TARGET_NAME)";
				SWIFT_VERSION = 5.0;
				TARGETED_DEVICE_FAMILY = "1,2";
				TEST_TARGET_NAME = DemoGitHub;
			};
			name = Debug;
		};
		58AC8D5F253D874000932D2D /* Release */ = {
			isa = XCBuildConfiguration;
			buildSettings = {
				ALWAYS_EMBED_SWIFT_STANDARD_LIBRARIES = YES;
				CODE_SIGN_STYLE = Automatic;
				DEVELOPMENT_TEAM = 4UA4LRQ689;
				INFOPLIST_FILE = DemoGitHubUITests/Info.plist;
				LD_RUNPATH_SEARCH_PATHS = (
					"$(inherited)",
					"@executable_path/Frameworks",
					"@loader_path/Frameworks",
				);
				PRODUCT_BUNDLE_IDENTIFIER = com.DemoGitHubUITests;
				PRODUCT_NAME = "$(TARGET_NAME)";
				SWIFT_VERSION = 5.0;
				TARGETED_DEVICE_FAMILY = "1,2";
				TEST_TARGET_NAME = DemoGitHub;
			};
			name = Release;
		};
/* End XCBuildConfiguration section */

/* Begin XCConfigurationList section */
		58AC8D28253D873300932D2D /* Build configuration list for PBXProject "DemoGitHub" */ = {
			isa = XCConfigurationList;
			buildConfigurations = (
				58AC8D55253D874000932D2D /* Debug */,
				58AC8D56253D874000932D2D /* Release */,
			);
			defaultConfigurationIsVisible = 0;
			defaultConfigurationName = Release;
		};
		58AC8D57253D874000932D2D /* Build configuration list for PBXNativeTarget "DemoGitHub" */ = {
			isa = XCConfigurationList;
			buildConfigurations = (
				58AC8D58253D874000932D2D /* Debug */,
				58AC8D59253D874000932D2D /* Release */,
			);
			defaultConfigurationIsVisible = 0;
			defaultConfigurationName = Release;
		};
		58AC8D5A253D874000932D2D /* Build configuration list for PBXNativeTarget "DemoGitHubTests" */ = {
			isa = XCConfigurationList;
			buildConfigurations = (
				58AC8D5B253D874000932D2D /* Debug */,
				58AC8D5C253D874000932D2D /* Release */,
			);
			defaultConfigurationIsVisible = 0;
			defaultConfigurationName = Release;
		};
		58AC8D5D253D874000932D2D /* Build configuration list for PBXNativeTarget "DemoGitHubUITests" */ = {
			isa = XCConfigurationList;
			buildConfigurations = (
				58AC8D5E253D874000932D2D /* Debug */,
				58AC8D5F253D874000932D2D /* Release */,
			);
			defaultConfigurationIsVisible = 0;
			defaultConfigurationName = Release;
		};
/* End XCConfigurationList section */
	};
	rootObject = 58AC8D25253D873300932D2D /* Project object */;
}
